
Microsoft Visual Studio Solution File, Format Version 12.00
# Visual Studio Version 16
VisualStudioVersion = 16.0.31911.196
MinimumVisualStudioVersion = 10.0.40219.1
Project("{FAE04EC0-301F-11D3-BF4B-00C04F79EFBC}") = "Relaciones", "Relaciones\Relaciones.csproj", "{52DBE157-AC99-4C8F-AF4F-EB47B1F8B6AB}"
EndProject
Global
	GlobalSection(SolutionConfigurationPlatforms) = preSolution
		Debug|Any CPU = Debug|Any CPU
		Release|Any CPU = Release|Any CPU
	EndGlobalSection
	GlobalSection(ProjectConfigurationPlatforms) = postSolution
		{52DBE157-AC99-4C8F-AF4F-EB47B1F8B6AB}.Debug|Any CPU.ActiveCfg = Debug|Any CPU
		{52DBE157-AC99-4C8F-AF4F-EB47B1F8B6AB}.Debug|Any CPU.Build.0 = Debug|Any CPU
		{52DBE157-AC99-4C8F-AF4F-EB47B1F8B6AB}.Release|Any CPU.ActiveCfg = Release|Any CPU
		{52DBE157-AC99-4C8F-AF4F-EB47B1F8B6AB}.Release|Any CPU.Build.0 = Release|Any CPU
	EndGlobalSection
	GlobalSection(SolutionProperties) = preSolution
		HideSolutionNode = FALSE
	EndGlobalSection
	GlobalSection(ExtensibilityGlobals) = postSolution
		SolutionGuid = {3799D9B1-4549-4CA1-951E-E3E5AB6783E3}
	EndGlobalSection
EndGlobal
